// !$*UTF8*$!
{
	archiveVersion = 1;
	classes = {
	};
	objectVersion = 56;
	objects = {

/* Begin PBXBuildFile section */
		0AA3196B86F9F522FAD6B44C /* Parent2ViewController163.swift in Sources */ = {isa = PBXBuildFile; fileRef = 9ABED83240D421B4442AAD3E /* Parent2ViewController163.swift */; };
		28DDCBA77B1DE692A65E69F0 /* InitialViewController162.swift in Sources */ = {isa = PBXBuildFile; fileRef = 497AD07F4EFA65D9378449BA /* InitialViewController162.swift */; };
		57A94D61CF76ADD0F9CA31AA /* InitialViewController162.swift in Sources */ = {isa = PBXBuildFile; fileRef = 07C4CFD8C0C05EEC8E9DF660 /* InitialViewController162.swift */; };
		7D52E4A00BD56B0E54312BF9 /* Parent2ViewController163.swift in Sources */ = {isa = PBXBuildFile; fileRef = 80BDC62397534BE6DC2D39BD /* Parent2ViewController163.swift */; };
		A772F0BF96F71D8601C2F441 /* Parent2ViewController163.swift in Sources */ = {isa = PBXBuildFile; fileRef = 018D8A8C65726966A9E9AB83 /* Parent2ViewController163.swift */; };
		A9D56E2A28E0B43F0047231A /* AppDelegate.swift in Sources */ = {isa = PBXBuildFile; fileRef = A9D56E2928E0B43F0047231A /* AppDelegate.swift */; };
		A9D56E2C28E0B43F0047231A /* SceneDelegate.swift in Sources */ = {isa = PBXBuildFile; fileRef = A9D56E2B28E0B43F0047231A /* SceneDelegate.swift */; };
		A9D56E2E28E0B43F0047231A /* ViewController.swift in Sources */ = {isa = PBXBuildFile; fileRef = A9D56E2D28E0B43F0047231A /* ViewController.swift */; };
		A9D56E3128E0B43F0047231A /* Main.storyboard in Resources */ = {isa = PBXBuildFile; fileRef = A9D56E2F28E0B43F0047231A /* Main.storyboard */; };
		A9D56E3328E0B4410047231A /* Assets.xcassets in Resources */ = {isa = PBXBuildFile; fileRef = A9D56E3228E0B4410047231A /* Assets.xcassets */; };
		A9D56E3628E0B4410047231A /* LaunchScreen.storyboard in Resources */ = {isa = PBXBuildFile; fileRef = A9D56E3428E0B4410047231A /* LaunchScreen.storyboard */; };
		A9D56E4128E0B4410047231A /* figTestiOSTests.swift in Sources */ = {isa = PBXBuildFile; fileRef = A9D56E4028E0B4410047231A /* figTestiOSTests.swift */; };
		A9D56E4B28E0B4410047231A /* figTestiOSUITests.swift in Sources */ = {isa = PBXBuildFile; fileRef = A9D56E4A28E0B4410047231A /* figTestiOSUITests.swift */; };
		A9D56E4D28E0B4410047231A /* figTestiOSUITestsLaunchTests.swift in Sources */ = {isa = PBXBuildFile; fileRef = A9D56E4C28E0B4410047231A /* figTestiOSUITestsLaunchTests.swift */; };
		D577045982458AE195412C01 /* secondViewViewController1112.swift in Sources */ = {isa = PBXBuildFile; fileRef = F975CD07ADEC8FEAABA013DC /* secondViewViewController1112.swift */; };
		FB1E41FEE53C1D0C930EDCED /* InitialViewController162.swift in Sources */ = {isa = PBXBuildFile; fileRef = B06D0042D1270DC479E76FD7 /* InitialViewController162.swift */; };
/* End PBXBuildFile section */

/* Begin PBXContainerItemProxy section */
		A9D56E3D28E0B4410047231A /* PBXContainerItemProxy */ = {
			isa = PBXContainerItemProxy;
			containerPortal = A9D56E1E28E0B43F0047231A /* Project object */;
			proxyType = 1;
			remoteGlobalIDString = A9D56E2528E0B43F0047231A;
			remoteInfo = figTestiOS;
		};
		A9D56E4728E0B4410047231A /* PBXContainerItemProxy */ = {
			isa = PBXContainerItemProxy;
			containerPortal = A9D56E1E28E0B43F0047231A /* Project object */;
			proxyType = 1;
			remoteGlobalIDString = A9D56E2528E0B43F0047231A;
			remoteInfo = figTestiOS;
		};
/* End PBXContainerItemProxy section */

/* Begin PBXFileReference section */
		018D8A8C65726966A9E9AB83 /* Parent2ViewController163.swift */ = {isa = PBXFileReference; includeInIndex = 1; lastKnownFileType = sourcecode.swift; path = Parent2ViewController163.swift; sourceTree = "<group>"; };
		07C4CFD8C0C05EEC8E9DF660 /* InitialViewController162.swift */ = {isa = PBXFileReference; includeInIndex = 1; lastKnownFileType = sourcecode.swift; name = InitialViewController162.swift; path = ./f/figTestiOS/InitialViewController162.swift; sourceTree = "<group>"; };
		497AD07F4EFA65D9378449BA /* InitialViewController162.swift */ = {isa = PBXFileReference; includeInIndex = 1; lastKnownFileType = sourcecode.swift; name = InitialViewController162.swift; path = ./f/figTestiOS/InitialViewController162.swift; sourceTree = "<group>"; };
		80BDC62397534BE6DC2D39BD /* Parent2ViewController163.swift */ = {isa = PBXFileReference; includeInIndex = 1; lastKnownFileType = sourcecode.swift; name = Parent2ViewController163.swift; path = ./f/figTestiOS/Parent2ViewController163.swift; sourceTree = "<group>"; };
		9ABED83240D421B4442AAD3E /* Parent2ViewController163.swift */ = {isa = PBXFileReference; includeInIndex = 1; lastKnownFileType = sourcecode.swift; path = Parent2ViewController163.swift; sourceTree = "<group>"; };
		A9D56E2628E0B43F0047231A /* figTestiOS.app */ = {isa = PBXFileReference; explicitFileType = wrapper.application; includeInIndex = 0; path = figTestiOS.app; sourceTree = BUILT_PRODUCTS_DIR; };
		A9D56E2928E0B43F0047231A /* AppDelegate.swift */ = {isa = PBXFileReference; lastKnownFileType = sourcecode.swift; path = AppDelegate.swift; sourceTree = "<group>"; };
		A9D56E2B28E0B43F0047231A /* SceneDelegate.swift */ = {isa = PBXFileReference; lastKnownFileType = sourcecode.swift; path = SceneDelegate.swift; sourceTree = "<group>"; };
		A9D56E2D28E0B43F0047231A /* ViewController.swift */ = {isa = PBXFileReference; lastKnownFileType = sourcecode.swift; path = ViewController.swift; sourceTree = "<group>"; };
		A9D56E3028E0B43F0047231A /* Base */ = {isa = PBXFileReference; lastKnownFileType = file.storyboard; name = Base; path = Base.lproj/Main.storyboard; sourceTree = "<group>"; };
		A9D56E3228E0B4410047231A /* Assets.xcassets */ = {isa = PBXFileReference; lastKnownFileType = folder.assetcatalog; path = Assets.xcassets; sourceTree = "<group>"; };
		A9D56E3528E0B4410047231A /* Base */ = {isa = PBXFileReference; lastKnownFileType = file.storyboard; name = Base; path = Base.lproj/LaunchScreen.storyboard; sourceTree = "<group>"; };
		A9D56E3728E0B4410047231A /* Info.plist */ = {isa = PBXFileReference; lastKnownFileType = text.plist.xml; path = Info.plist; sourceTree = "<group>"; };
		A9D56E3C28E0B4410047231A /* figTestiOSTests.xctest */ = {isa = PBXFileReference; explicitFileType = wrapper.cfbundle; includeInIndex = 0; path = figTestiOSTests.xctest; sourceTree = BUILT_PRODUCTS_DIR; };
		A9D56E4028E0B4410047231A /* figTestiOSTests.swift */ = {isa = PBXFileReference; lastKnownFileType = sourcecode.swift; path = figTestiOSTests.swift; sourceTree = "<group>"; };
		A9D56E4628E0B4410047231A /* figTestiOSUITests.xctest */ = {isa = PBXFileReference; explicitFileType = wrapper.cfbundle; includeInIndex = 0; path = figTestiOSUITests.xctest; sourceTree = BUILT_PRODUCTS_DIR; };
		A9D56E4A28E0B4410047231A /* figTestiOSUITests.swift */ = {isa = PBXFileReference; lastKnownFileType = sourcecode.swift; path = figTestiOSUITests.swift; sourceTree = "<group>"; };
		A9D56E4C28E0B4410047231A /* figTestiOSUITestsLaunchTests.swift */ = {isa = PBXFileReference; lastKnownFileType = sourcecode.swift; path = figTestiOSUITestsLaunchTests.swift; sourceTree = "<group>"; };
		B06D0042D1270DC479E76FD7 /* InitialViewController162.swift */ = {isa = PBXFileReference; includeInIndex = 1; lastKnownFileType = sourcecode.swift; path = InitialViewController162.swift; sourceTree = "<group>"; };
		F975CD07ADEC8FEAABA013DC /* secondViewViewController1112.swift */ = {isa = PBXFileReference; includeInIndex = 1; lastKnownFileType = sourcecode.swift; name = secondViewViewController1112.swift; path = ./f/figTestiOS/secondViewViewController1112.swift; sourceTree = "<group>"; };
/* End PBXFileReference section */

/* Begin PBXFrameworksBuildPhase section */
		A9D56E2328E0B43F0047231A /* Frameworks */ = {
			isa = PBXFrameworksBuildPhase;
			buildActionMask = 2147483647;
			files = (
			);
			runOnlyForDeploymentPostprocessing = 0;
		};
		A9D56E3928E0B4410047231A /* Frameworks */ = {
			isa = PBXFrameworksBuildPhase;
			buildActionMask = 2147483647;
			files = (
			);
			runOnlyForDeploymentPostprocessing = 0;
		};
		A9D56E4328E0B4410047231A /* Frameworks */ = {
			isa = PBXFrameworksBuildPhase;
			buildActionMask = 2147483647;
			files = (
			);
			runOnlyForDeploymentPostprocessing = 0;
		};
/* End PBXFrameworksBuildPhase section */

/* Begin PBXGroup section */
		A9D56E1D28E0B43F0047231A = {
			isa = PBXGroup;
			children = (
				A9D56E2828E0B43F0047231A /* figTestiOS */,
				A9D56E3F28E0B4410047231A /* figTestiOSTests */,
				A9D56E4928E0B4410047231A /* figTestiOSUITests */,
				A9D56E2728E0B43F0047231A /* Products */,
				497AD07F4EFA65D9378449BA /* InitialViewController162.swift */,
				07C4CFD8C0C05EEC8E9DF660 /* InitialViewController162.swift */,
				80BDC62397534BE6DC2D39BD /* Parent2ViewController163.swift */,
				F975CD07ADEC8FEAABA013DC /* secondViewViewController1112.swift */,
			);
			sourceTree = "<group>";
		};
		A9D56E2728E0B43F0047231A /* Products */ = {
			isa = PBXGroup;
			children = (
				A9D56E2628E0B43F0047231A /* figTestiOS.app */,
				A9D56E3C28E0B4410047231A /* figTestiOSTests.xctest */,
				A9D56E4628E0B4410047231A /* figTestiOSUITests.xctest */,
			);
			name = Products;
			sourceTree = "<group>";
		};
		A9D56E2828E0B43F0047231A /* figTestiOS */ = {
			isa = PBXGroup;
			children = (
				A9D56E2928E0B43F0047231A /* AppDelegate.swift */,
				A9D56E2B28E0B43F0047231A /* SceneDelegate.swift */,
				A9D56E2D28E0B43F0047231A /* ViewController.swift */,
				A9D56E2F28E0B43F0047231A /* Main.storyboard */,
				A9D56E3228E0B4410047231A /* Assets.xcassets */,
				A9D56E3428E0B4410047231A /* LaunchScreen.storyboard */,
				A9D56E3728E0B4410047231A /* Info.plist */,
				B06D0042D1270DC479E76FD7 /* InitialViewController162.swift */,
				9ABED83240D421B4442AAD3E /* Parent2ViewController163.swift */,
				018D8A8C65726966A9E9AB83 /* Parent2ViewController163.swift */,
			);
			path = figTestiOS;
			sourceTree = "<group>";
		};
		A9D56E3F28E0B4410047231A /* figTestiOSTests */ = {
			isa = PBXGroup;
			children = (
				A9D56E4028E0B4410047231A /* figTestiOSTests.swift */,
			);
			path = figTestiOSTests;
			sourceTree = "<group>";
		};
		A9D56E4928E0B4410047231A /* figTestiOSUITests */ = {
			isa = PBXGroup;
			children = (
				A9D56E4A28E0B4410047231A /* figTestiOSUITests.swift */,
				A9D56E4C28E0B4410047231A /* figTestiOSUITestsLaunchTests.swift */,
			);
			path = figTestiOSUITests;
			sourceTree = "<group>";
		};
/* End PBXGroup section */

/* Begin PBXNativeTarget section */
		A9D56E2528E0B43F0047231A /* figTestiOS */ = {
			isa = PBXNativeTarget;
			buildConfigurationList = A9D56E5028E0B4410047231A /* Build configuration list for PBXNativeTarget "figTestiOS" */;
			buildPhases = (
				A9D56E2228E0B43F0047231A /* Sources */,
				A9D56E2328E0B43F0047231A /* Frameworks */,
				A9D56E2428E0B43F0047231A /* Resources */,
			);
			buildRules = (
			);
			dependencies = (
			);
			name = figTestiOS;
			productName = figTestiOS;
			productReference = A9D56E2628E0B43F0047231A /* figTestiOS.app */;
			productType = "com.apple.product-type.application";
		};
		A9D56E3B28E0B4410047231A /* figTestiOSTests */ = {
			isa = PBXNativeTarget;
			buildConfigurationList = A9D56E5328E0B4410047231A /* Build configuration list for PBXNativeTarget "figTestiOSTests" */;
			buildPhases = (
				A9D56E3828E0B4410047231A /* Sources */,
				A9D56E3928E0B4410047231A /* Frameworks */,
				A9D56E3A28E0B4410047231A /* Resources */,
			);
			buildRules = (
			);
			dependencies = (
				A9D56E3E28E0B4410047231A /* PBXTargetDependency */,
			);
			name = figTestiOSTests;
			productName = figTestiOSTests;
			productReference = A9D56E3C28E0B4410047231A /* figTestiOSTests.xctest */;
			productType = "com.apple.product-type.bundle.unit-test";
		};
		A9D56E4528E0B4410047231A /* figTestiOSUITests */ = {
			isa = PBXNativeTarget;
			buildConfigurationList = A9D56E5628E0B4410047231A /* Build configuration list for PBXNativeTarget "figTestiOSUITests" */;
			buildPhases = (
				A9D56E4228E0B4410047231A /* Sources */,
				A9D56E4328E0B4410047231A /* Frameworks */,
				A9D56E4428E0B4410047231A /* Resources */,
			);
			buildRules = (
			);
			dependencies = (
				A9D56E4828E0B4410047231A /* PBXTargetDependency */,
			);
			name = figTestiOSUITests;
			productName = figTestiOSUITests;
			productReference = A9D56E4628E0B4410047231A /* figTestiOSUITests.xctest */;
			productType = "com.apple.product-type.bundle.ui-testing";
		};
/* End PBXNativeTarget section */

/* Begin PBXProject section */
		A9D56E1E28E0B43F0047231A /* Project object */ = {
			isa = PBXProject;
			attributes = {
				BuildIndependentTargetsInParallel = 1;
				LastSwiftUpdateCheck = 1400;
				LastUpgradeCheck = 1400;
				TargetAttributes = {
					A9D56E2528E0B43F0047231A = {
						CreatedOnToolsVersion = 14.0;
					};
					A9D56E3B28E0B4410047231A = {
						CreatedOnToolsVersion = 14.0;
						TestTargetID = A9D56E2528E0B43F0047231A;
					};
					A9D56E4528E0B4410047231A = {
						CreatedOnToolsVersion = 14.0;
						TestTargetID = A9D56E2528E0B43F0047231A;
					};
				};
			};
			buildConfigurationList = A9D56E2128E0B43F0047231A /* Build configuration list for PBXProject "FigTestiOS" */;
			compatibilityVersion = "Xcode 14.0";
			developmentRegion = en;
			hasScannedForEncodings = 0;
			knownRegions = (
				en,
				Base,
			);
			mainGroup = A9D56E1D28E0B43F0047231A;
			productRefGroup = A9D56E2728E0B43F0047231A /* Products */;
			projectDirPath = "";
			projectRoot = "";
			targets = (
				A9D56E2528E0B43F0047231A /* figTestiOS */,
				A9D56E3B28E0B4410047231A /* figTestiOSTests */,
				A9D56E4528E0B4410047231A /* figTestiOSUITests */,
			);
		};
/* End PBXProject section */

/* Begin PBXResourcesBuildPhase section */
		A9D56E2428E0B43F0047231A /* Resources */ = {
			isa = PBXResourcesBuildPhase;
			buildActionMask = 2147483647;
			files = (
				A9D56E3628E0B4410047231A /* LaunchScreen.storyboard in Resources */,
				A9D56E3328E0B4410047231A /* Assets.xcassets in Resources */,
				A9D56E3128E0B43F0047231A /* Main.storyboard in Resources */,
			);
			runOnlyForDeploymentPostprocessing = 0;
		};
		A9D56E3A28E0B4410047231A /* Resources */ = {
			isa = PBXResourcesBuildPhase;
			buildActionMask = 2147483647;
			files = (
			);
			runOnlyForDeploymentPostprocessing = 0;
		};
		A9D56E4428E0B4410047231A /* Resources */ = {
			isa = PBXResourcesBuildPhase;
			buildActionMask = 2147483647;
			files = (
			);
			runOnlyForDeploymentPostprocessing = 0;
		};
/* End PBXResourcesBuildPhase section */

/* Begin PBXSourcesBuildPhase section */
		A9D56E2228E0B43F0047231A /* Sources */ = {
			isa = PBXSourcesBuildPhase;
			buildActionMask = 2147483647;
			files = (
				A9D56E2E28E0B43F0047231A /* ViewController.swift in Sources */,
				A9D56E2A28E0B43F0047231A /* AppDelegate.swift in Sources */,
				A9D56E2C28E0B43F0047231A /* SceneDelegate.swift in Sources */,
				FB1E41FEE53C1D0C930EDCED /* InitialViewController162.swift in Sources */,
				0AA3196B86F9F522FAD6B44C /* Parent2ViewController163.swift in Sources */,
				A772F0BF96F71D8601C2F441 /* Parent2ViewController163.swift in Sources */,
				28DDCBA77B1DE692A65E69F0 /* InitialViewController162.swift in Sources */,
				57A94D61CF76ADD0F9CA31AA /* InitialViewController162.swift in Sources */,
				7D52E4A00BD56B0E54312BF9 /* Parent2ViewController163.swift in Sources */,
				D577045982458AE195412C01 /* secondViewViewController1112.swift in Sources */,
			);
			runOnlyForDeploymentPostprocessing = 0;
		};
		A9D56E3828E0B4410047231A /* Sources */ = {
			isa = PBXSourcesBuildPhase;
			buildActionMask = 2147483647;
			files = (
				A9D56E4128E0B4410047231A /* figTestiOSTests.swift in Sources */,
			);
			runOnlyForDeploymentPostprocessing = 0;
		};
		A9D56E4228E0B4410047231A /* Sources */ = {
			isa = PBXSourcesBuildPhase;
			buildActionMask = 2147483647;
			files = (
				A9D56E4B28E0B4410047231A /* figTestiOSUITests.swift in Sources */,
				A9D56E4D28E0B4410047231A /* figTestiOSUITestsLaunchTests.swift in Sources */,
			);
			runOnlyForDeploymentPostprocessing = 0;
		};
/* End PBXSourcesBuildPhase section */

/* Begin PBXTargetDependency section */
		A9D56E3E28E0B4410047231A /* PBXTargetDependency */ = {
			isa = PBXTargetDependency;
			target = A9D56E2528E0B43F0047231A /* figTestiOS */;
			targetProxy = A9D56E3D28E0B4410047231A /* PBXContainerItemProxy */;
		};
		A9D56E4828E0B4410047231A /* PBXTargetDependency */ = {
			isa = PBXTargetDependency;
			target = A9D56E2528E0B43F0047231A /* figTestiOS */;
			targetProxy = A9D56E4728E0B4410047231A /* PBXContainerItemProxy */;
		};
/* End PBXTargetDependency section */

/* Begin PBXVariantGroup section */
		A9D56E2F28E0B43F0047231A /* Main.storyboard */ = {
			isa = PBXVariantGroup;
			children = (
				A9D56E3028E0B43F0047231A /* Base */,
			);
			name = Main.storyboard;
			sourceTree = "<group>";
		};
		A9D56E3428E0B4410047231A /* LaunchScreen.storyboard */ = {
			isa = PBXVariantGroup;
			children = (
				A9D56E3528E0B4410047231A /* Base */,
			);
			name = LaunchScreen.storyboard;
			sourceTree = "<group>";
		};
/* End PBXVariantGroup section */

/* Begin XCBuildConfiguration section */
		A9D56E4E28E0B4410047231A /* Debug */ = {
			isa = XCBuildConfiguration;
			buildSettings = {
				ALWAYS_SEARCH_USER_PATHS = NO;
				CLANG_ANALYZER_NONNULL = YES;
				CLANG_ANALYZER_NUMBER_OBJECT_CONVERSION = YES_AGGRESSIVE;
				CLANG_CXX_LANGUAGE_STANDARD = "gnu++20";
				CLANG_ENABLE_MODULES = YES;
				CLANG_ENABLE_OBJC_ARC = YES;
				CLANG_ENABLE_OBJC_WEAK = YES;
				CLANG_WARN_BLOCK_CAPTURE_AUTORELEASING = YES;
				CLANG_WARN_BOOL_CONVERSION = YES;
				CLANG_WARN_COMMA = YES;
				CLANG_WARN_CONSTANT_CONVERSION = YES;
				CLANG_WARN_DEPRECATED_OBJC_IMPLEMENTATIONS = YES;
				CLANG_WARN_DIRECT_OBJC_ISA_USAGE = YES_ERROR;
				CLANG_WARN_DOCUMENTATION_COMMENTS = YES;
				CLANG_WARN_EMPTY_BODY = YES;
				CLANG_WARN_ENUM_CONVERSION = YES;
				CLANG_WARN_INFINITE_RECURSION = YES;
				CLANG_WARN_INT_CONVERSION = YES;
				CLANG_WARN_NON_LITERAL_NULL_CONVERSION = YES;
				CLANG_WARN_OBJC_IMPLICIT_RETAIN_SELF = YES;
				CLANG_WARN_OBJC_LITERAL_CONVERSION = YES;
				CLANG_WARN_OBJC_ROOT_CLASS = YES_ERROR;
				CLANG_WARN_QUOTED_INCLUDE_IN_FRAMEWORK_HEADER = YES;
				CLANG_WARN_RANGE_LOOP_ANALYSIS = YES;
				CLANG_WARN_STRICT_PROTOTYPES = YES;
				CLANG_WARN_SUSPICIOUS_MOVE = YES;
				CLANG_WARN_UNGUARDED_AVAILABILITY = YES_AGGRESSIVE;
				CLANG_WARN_UNREACHABLE_CODE = YES;
				CLANG_WARN__DUPLICATE_METHOD_MATCH = YES;
				COPY_PHASE_STRIP = NO;
				DEBUG_INFORMATION_FORMAT = dwarf;
				ENABLE_STRICT_OBJC_MSGSEND = YES;
				ENABLE_TESTABILITY = YES;
				GCC_C_LANGUAGE_STANDARD = gnu11;
				GCC_DYNAMIC_NO_PIC = NO;
				GCC_NO_COMMON_BLOCKS = YES;
				GCC_OPTIMIZATION_LEVEL = 0;
				GCC_PREPROCESSOR_DEFINITIONS = (
					"DEBUG=1",
					"$(inherited)",
				);
				GCC_WARN_64_TO_32_BIT_CONVERSION = YES;
				GCC_WARN_ABOUT_RETURN_TYPE = YES_ERROR;
				GCC_WARN_UNDECLARED_SELECTOR = YES;
				GCC_WARN_UNINITIALIZED_AUTOS = YES_AGGRESSIVE;
				GCC_WARN_UNUSED_FUNCTION = YES;
				GCC_WARN_UNUSED_VARIABLE = YES;
				IPHONEOS_DEPLOYMENT_TARGET = 16.0;
				MTL_ENABLE_DEBUG_INFO = INCLUDE_SOURCE;
				MTL_FAST_MATH = YES;
				ONLY_ACTIVE_ARCH = YES;
				SDKROOT = iphoneos;
				SWIFT_ACTIVE_COMPILATION_CONDITIONS = DEBUG;
				SWIFT_OPTIMIZATION_LEVEL = "-Onone";
			};
			name = Debug;
		};
		A9D56E4F28E0B4410047231A /* Release */ = {
			isa = XCBuildConfiguration;
			buildSettings = {
				ALWAYS_SEARCH_USER_PATHS = NO;
				CLANG_ANALYZER_NONNULL = YES;
				CLANG_ANALYZER_NUMBER_OBJECT_CONVERSION = YES_AGGRESSIVE;
				CLANG_CXX_LANGUAGE_STANDARD = "gnu++20";
				CLANG_ENABLE_MODULES = YES;
				CLANG_ENABLE_OBJC_ARC = YES;
				CLANG_ENABLE_OBJC_WEAK = YES;
				CLANG_WARN_BLOCK_CAPTURE_AUTORELEASING = YES;
				CLANG_WARN_BOOL_CONVERSION = YES;
				CLANG_WARN_COMMA = YES;
				CLANG_WARN_CONSTANT_CONVERSION = YES;
				CLANG_WARN_DEPRECATED_OBJC_IMPLEMENTATIONS = YES;
				CLANG_WARN_DIRECT_OBJC_ISA_USAGE = YES_ERROR;
				CLANG_WARN_DOCUMENTATION_COMMENTS = YES;
				CLANG_WARN_EMPTY_BODY = YES;
				CLANG_WARN_ENUM_CONVERSION = YES;
				CLANG_WARN_INFINITE_RECURSION = YES;
				CLANG_WARN_INT_CONVERSION = YES;
				CLANG_WARN_NON_LITERAL_NULL_CONVERSION = YES;
				CLANG_WARN_OBJC_IMPLICIT_RETAIN_SELF = YES;
				CLANG_WARN_OBJC_LITERAL_CONVERSION = YES;
				CLANG_WARN_OBJC_ROOT_CLASS = YES_ERROR;
				CLANG_WARN_QUOTED_INCLUDE_IN_FRAMEWORK_HEADER = YES;
				CLANG_WARN_RANGE_LOOP_ANALYSIS = YES;
				CLANG_WARN_STRICT_PROTOTYPES = YES;
				CLANG_WARN_SUSPICIOUS_MOVE = YES;
				CLANG_WARN_UNGUARDED_AVAILABILITY = YES_AGGRESSIVE;
				CLANG_WARN_UNREACHABLE_CODE = YES;
				CLANG_WARN__DUPLICATE_METHOD_MATCH = YES;
				COPY_PHASE_STRIP = NO;
				DEBUG_INFORMATION_FORMAT = "dwarf-with-dsym";
				ENABLE_NS_ASSERTIONS = NO;
				ENABLE_STRICT_OBJC_MSGSEND = YES;
				GCC_C_LANGUAGE_STANDARD = gnu11;
				GCC_NO_COMMON_BLOCKS = YES;
				GCC_WARN_64_TO_32_BIT_CONVERSION = YES;
				GCC_WARN_ABOUT_RETURN_TYPE = YES_ERROR;
				GCC_WARN_UNDECLARED_SELECTOR = YES;
				GCC_WARN_UNINITIALIZED_AUTOS = YES_AGGRESSIVE;
				GCC_WARN_UNUSED_FUNCTION = YES;
				GCC_WARN_UNUSED_VARIABLE = YES;
				IPHONEOS_DEPLOYMENT_TARGET = 16.0;
				MTL_ENABLE_DEBUG_INFO = NO;
				MTL_FAST_MATH = YES;
				SDKROOT = iphoneos;
				SWIFT_COMPILATION_MODE = wholemodule;
				SWIFT_OPTIMIZATION_LEVEL = "-O";
				VALIDATE_PRODUCT = YES;
			};
			name = Release;
		};
		A9D56E5128E0B4410047231A /* Debug */ = {
			isa = XCBuildConfiguration;
			buildSettings = {
				ASSETCATALOG_COMPILER_APPICON_NAME = AppIcon;
				ASSETCATALOG_COMPILER_GLOBAL_ACCENT_COLOR_NAME = AccentColor;
				CODE_SIGN_STYLE = Automatic;
				CURRENT_PROJECT_VERSION = 1;
				DEVELOPMENT_TEAM = 25PH49W475;
				GENERATE_INFOPLIST_FILE = YES;
				INFOPLIST_FILE = figTestiOS/Info.plist;
				INFOPLIST_KEY_UIApplicationSupportsIndirectInputEvents = YES;
				INFOPLIST_KEY_UILaunchStoryboardName = LaunchScreen;
				INFOPLIST_KEY_UIMainStoryboardFile = Main;
				INFOPLIST_KEY_UISupportedInterfaceOrientations_iPad = "UIInterfaceOrientationPortrait UIInterfaceOrientationPortraitUpsideDown UIInterfaceOrientationLandscapeLeft UIInterfaceOrientationLandscapeRight";
				INFOPLIST_KEY_UISupportedInterfaceOrientations_iPhone = "UIInterfaceOrientationPortrait UIInterfaceOrientationLandscapeLeft UIInterfaceOrientationLandscapeRight";
				LD_RUNPATH_SEARCH_PATHS = (
					"$(inherited)",
					"@executable_path/Frameworks",
				);
				MARKETING_VERSION = 1.0;
				PRODUCT_BUNDLE_IDENTIFIER = com.svd.gql.ftest.figTestiOS;
				PRODUCT_NAME = "$(TARGET_NAME)";
				SWIFT_EMIT_LOC_STRINGS = YES;
				SWIFT_VERSION = 5.0;
				TARGETED_DEVICE_FAMILY = "1,2";
			};
			name = Debug;
		};
		A9D56E5228E0B4410047231A /* Release */ = {
			isa = XCBuildConfiguration;
			buildSettings = {
				ASSETCATALOG_COMPILER_APPICON_NAME = AppIcon;
				ASSETCATALOG_COMPILER_GLOBAL_ACCENT_COLOR_NAME = AccentColor;
				CODE_SIGN_STYLE = Automatic;
				CURRENT_PROJECT_VERSION = 1;
				DEVELOPMENT_TEAM = 25PH49W475;
				GENERATE_INFOPLIST_FILE = YES;
				INFOPLIST_FILE = figTestiOS/Info.plist;
				INFOPLIST_KEY_UIApplicationSupportsIndirectInputEvents = YES;
				INFOPLIST_KEY_UILaunchStoryboardName = LaunchScreen;
				INFOPLIST_KEY_UIMainStoryboardFile = Main;
				INFOPLIST_KEY_UISupportedInterfaceOrientations_iPad = "UIInterfaceOrientationPortrait UIInterfaceOrientationPortraitUpsideDown UIInterfaceOrientationLandscapeLeft UIInterfaceOrientationLandscapeRight";
				INFOPLIST_KEY_UISupportedInterfaceOrientations_iPhone = "UIInterfaceOrientationPortrait UIInterfaceOrientationLandscapeLeft UIInterfaceOrientationLandscapeRight";
				LD_RUNPATH_SEARCH_PATHS = (
					"$(inherited)",
					"@executable_path/Frameworks",
				);
				MARKETING_VERSION = 1.0;
				PRODUCT_BUNDLE_IDENTIFIER = com.svd.gql.ftest.figTestiOS;
				PRODUCT_NAME = "$(TARGET_NAME)";
				SWIFT_EMIT_LOC_STRINGS = YES;
				SWIFT_VERSION = 5.0;
				TARGETED_DEVICE_FAMILY = "1,2";
			};
			name = Release;
		};
		A9D56E5428E0B4410047231A /* Debug */ = {
			isa = XCBuildConfiguration;
			buildSettings = {
				ALWAYS_EMBED_SWIFT_STANDARD_LIBRARIES = YES;
				BUNDLE_LOADER = "$(TEST_HOST)";
				CODE_SIGN_STYLE = Automatic;
				CURRENT_PROJECT_VERSION = 1;
				DEVELOPMENT_TEAM = 25PH49W475;
				GENERATE_INFOPLIST_FILE = YES;
				IPHONEOS_DEPLOYMENT_TARGET = 16.0;
				MARKETING_VERSION = 1.0;
				PRODUCT_BUNDLE_IDENTIFIER = com.svd.gql.ftest.figTestiOSTests;
				PRODUCT_NAME = "$(TARGET_NAME)";
				SWIFT_EMIT_LOC_STRINGS = NO;
				SWIFT_VERSION = 5.0;
				TARGETED_DEVICE_FAMILY = "1,2";
				TEST_HOST = "$(BUILT_PRODUCTS_DIR)/figTestiOS.app/$(BUNDLE_EXECUTABLE_FOLDER_PATH)/figTestiOS";
			};
			name = Debug;
		};
		A9D56E5528E0B4410047231A /* Release */ = {
			isa = XCBuildConfiguration;
			buildSettings = {
				ALWAYS_EMBED_SWIFT_STANDARD_LIBRARIES = YES;
				BUNDLE_LOADER = "$(TEST_HOST)";
				CODE_SIGN_STYLE = Automatic;
				CURRENT_PROJECT_VERSION = 1;
				DEVELOPMENT_TEAM = 25PH49W475;
				GENERATE_INFOPLIST_FILE = YES;
				IPHONEOS_DEPLOYMENT_TARGET = 16.0;
				MARKETING_VERSION = 1.0;
				PRODUCT_BUNDLE_IDENTIFIER = com.svd.gql.ftest.figTestiOSTests;
				PRODUCT_NAME = "$(TARGET_NAME)";
				SWIFT_EMIT_LOC_STRINGS = NO;
				SWIFT_VERSION = 5.0;
				TARGETED_DEVICE_FAMILY = "1,2";
				TEST_HOST = "$(BUILT_PRODUCTS_DIR)/figTestiOS.app/$(BUNDLE_EXECUTABLE_FOLDER_PATH)/figTestiOS";
			};
			name = Release;
		};
		A9D56E5728E0B4410047231A /* Debug */ = {
			isa = XCBuildConfiguration;
			buildSettings = {
				ALWAYS_EMBED_SWIFT_STANDARD_LIBRARIES = YES;
				CODE_SIGN_STYLE = Automatic;
				CURRENT_PROJECT_VERSION = 1;
				DEVELOPMENT_TEAM = 25PH49W475;
				GENERATE_INFOPLIST_FILE = YES;
				MARKETING_VERSION = 1.0;
				PRODUCT_BUNDLE_IDENTIFIER = com.svd.gql.ftest.figTestiOSUITests;
				PRODUCT_NAME = "$(TARGET_NAME)";
				SWIFT_EMIT_LOC_STRINGS = NO;
				SWIFT_VERSION = 5.0;
				TARGETED_DEVICE_FAMILY = "1,2";
				TEST_TARGET_NAME = figTestiOS;
			};
			name = Debug;
		};
		A9D56E5828E0B4410047231A /* Release */ = {
			isa = XCBuildConfiguration;
			buildSettings = {
				ALWAYS_EMBED_SWIFT_STANDARD_LIBRARIES = YES;
				CODE_SIGN_STYLE = Automatic;
				CURRENT_PROJECT_VERSION = 1;
				DEVELOPMENT_TEAM = 25PH49W475;
				GENERATE_INFOPLIST_FILE = YES;
				MARKETING_VERSION = 1.0;
				PRODUCT_BUNDLE_IDENTIFIER = com.svd.gql.ftest.figTestiOSUITests;
				PRODUCT_NAME = "$(TARGET_NAME)";
				SWIFT_EMIT_LOC_STRINGS = NO;
				SWIFT_VERSION = 5.0;
				TARGETED_DEVICE_FAMILY = "1,2";
				TEST_TARGET_NAME = figTestiOS;
			};
			name = Release;
		};
/* End XCBuildConfiguration section */

/* Begin XCConfigurationList section */
		A9D56E2128E0B43F0047231A /* Build configuration list for PBXProject "FigTestiOS" */ = {
			isa = XCConfigurationList;
			buildConfigurations = (
				A9D56E4E28E0B4410047231A /* Debug */,
				A9D56E4F28E0B4410047231A /* Release */,
			);
			defaultConfigurationIsVisible = 0;
			defaultConfigurationName = Release;
		};
		A9D56E5028E0B4410047231A /* Build configuration list for PBXNativeTarget "figTestiOS" */ = {
			isa = XCConfigurationList;
			buildConfigurations = (
				A9D56E5128E0B4410047231A /* Debug */,
				A9D56E5228E0B4410047231A /* Release */,
			);
			defaultConfigurationIsVisible = 0;
			defaultConfigurationName = Release;
		};
		A9D56E5328E0B4410047231A /* Build configuration list for PBXNativeTarget "figTestiOSTests" */ = {
			isa = XCConfigurationList;
			buildConfigurations = (
				A9D56E5428E0B4410047231A /* Debug */,
				A9D56E5528E0B4410047231A /* Release */,
			);
			defaultConfigurationIsVisible = 0;
			defaultConfigurationName = Release;
		};
		A9D56E5628E0B4410047231A /* Build configuration list for PBXNativeTarget "figTestiOSUITests" */ = {
			isa = XCConfigurationList;
			buildConfigurations = (
				A9D56E5728E0B4410047231A /* Debug */,
				A9D56E5828E0B4410047231A /* Release */,
			);
			defaultConfigurationIsVisible = 0;
			defaultConfigurationName = Release;
		};
/* End XCConfigurationList section */
	};
	rootObject = A9D56E1E28E0B43F0047231A /* Project object */;
}
